// !$*UTF8*$!
{
	archiveVersion = 1;
	classes = {
	};
	objectVersion = 50;
	objects = {

/* Begin PBXBuildFile section */
		213756B822BA5B9600BB8D88 /* AppDelegate.swift in Sources */ = {isa = PBXBuildFile; fileRef = 213756B722BA5B9600BB8D88 /* AppDelegate.swift */; };
		213756BD22BA5B9600BB8D88 /* Main.storyboard in Resources */ = {isa = PBXBuildFile; fileRef = 213756BB22BA5B9600BB8D88 /* Main.storyboard */; };
		213756BF22BA5B9700BB8D88 /* Assets.xcassets in Resources */ = {isa = PBXBuildFile; fileRef = 213756BE22BA5B9700BB8D88 /* Assets.xcassets */; };
		213756C222BA5B9700BB8D88 /* LaunchScreen.storyboard in Resources */ = {isa = PBXBuildFile; fileRef = 213756C022BA5B9700BB8D88 /* LaunchScreen.storyboard */; };
		2163142122D3880D00C0DE9C /* CustomLabel.swift in Sources */ = {isa = PBXBuildFile; fileRef = 2163142022D3880D00C0DE9C /* CustomLabel.swift */; };
		21CEC2CE22BFA068009B73E7 /* DeptViewController.swift in Sources */ = {isa = PBXBuildFile; fileRef = 21CEC2CD22BFA068009B73E7 /* DeptViewController.swift */; };
		21CEC2D222C132C2009B73E7 /* ActiveRoundVC.swift in Sources */ = {isa = PBXBuildFile; fileRef = 21CEC2D122C132C2009B73E7 /* ActiveRoundVC.swift */; };
		21E4C5EF22BA643100821637 /* MainViewController.swift in Sources */ = {isa = PBXBuildFile; fileRef = 21E4C5EE22BA643100821637 /* MainViewController.swift */; };
		21E4C5F122BA6FD000821637 /* NavbarController.swift in Sources */ = {isa = PBXBuildFile; fileRef = 21E4C5F022BA6FD000821637 /* NavbarController.swift */; };
		21E4C5F322BA748E00821637 /* Backend.swift in Sources */ = {isa = PBXBuildFile; fileRef = 21E4C5F222BA748E00821637 /* Backend.swift */; };
		21E4C5F522BA74BD00821637 /* Models.swift in Sources */ = {isa = PBXBuildFile; fileRef = 21E4C5F422BA74BD00821637 /* Models.swift */; };
		21E4C5F722BBA49800821637 /* RoundDetailedVC.swift in Sources */ = {isa = PBXBuildFile; fileRef = 21E4C5F622BBA49800821637 /* RoundDetailedVC.swift */; };
/* End PBXBuildFile section */

/* Begin PBXFileReference section */
		213756B422BA5B9600BB8D88 /* Discgolf-app.app */ = {isa = PBXFileReference; explicitFileType = wrapper.application; includeInIndex = 0; path = "Discgolf-app.app"; sourceTree = BUILT_PRODUCTS_DIR; };
		213756B722BA5B9600BB8D88 /* AppDelegate.swift */ = {isa = PBXFileReference; lastKnownFileType = sourcecode.swift; path = AppDelegate.swift; sourceTree = "<group>"; };
		213756BC22BA5B9600BB8D88 /* Base */ = {isa = PBXFileReference; lastKnownFileType = file.storyboard; name = Base; path = Base.lproj/Main.storyboard; sourceTree = "<group>"; };
		213756BE22BA5B9700BB8D88 /* Assets.xcassets */ = {isa = PBXFileReference; lastKnownFileType = folder.assetcatalog; path = Assets.xcassets; sourceTree = "<group>"; };
		213756C122BA5B9700BB8D88 /* Base */ = {isa = PBXFileReference; lastKnownFileType = file.storyboard; name = Base; path = Base.lproj/LaunchScreen.storyboard; sourceTree = "<group>"; };
		213756C322BA5B9700BB8D88 /* Info.plist */ = {isa = PBXFileReference; lastKnownFileType = text.plist.xml; path = Info.plist; sourceTree = "<group>"; };
		2163142022D3880D00C0DE9C /* CustomLabel.swift */ = {isa = PBXFileReference; lastKnownFileType = sourcecode.swift; path = CustomLabel.swift; sourceTree = "<group>"; };
		21CEC2CD22BFA068009B73E7 /* DeptViewController.swift */ = {isa = PBXFileReference; lastKnownFileType = sourcecode.swift; path = DeptViewController.swift; sourceTree = "<group>"; };
		21CEC2D122C132C2009B73E7 /* ActiveRoundVC.swift */ = {isa = PBXFileReference; lastKnownFileType = sourcecode.swift; path = ActiveRoundVC.swift; sourceTree = "<group>"; };
		21E4C5EE22BA643100821637 /* MainViewController.swift */ = {isa = PBXFileReference; lastKnownFileType = sourcecode.swift; path = MainViewController.swift; sourceTree = "<group>"; usesTabs = 1; };
		21E4C5F022BA6FD000821637 /* NavbarController.swift */ = {isa = PBXFileReference; lastKnownFileType = sourcecode.swift; path = NavbarController.swift; sourceTree = "<group>"; };
		21E4C5F222BA748E00821637 /* Backend.swift */ = {isa = PBXFileReference; lastKnownFileType = sourcecode.swift; path = Backend.swift; sourceTree = "<group>"; };
		21E4C5F422BA74BD00821637 /* Models.swift */ = {isa = PBXFileReference; lastKnownFileType = sourcecode.swift; path = Models.swift; sourceTree = "<group>"; };
		21E4C5F622BBA49800821637 /* RoundDetailedVC.swift */ = {isa = PBXFileReference; lastKnownFileType = sourcecode.swift; path = RoundDetailedVC.swift; sourceTree = "<group>"; };
/* End PBXFileReference section */

/* Begin PBXFrameworksBuildPhase section */
		213756B122BA5B9600BB8D88 /* Frameworks */ = {
			isa = PBXFrameworksBuildPhase;
			buildActionMask = 2147483647;
			files = (
			);
			runOnlyForDeploymentPostprocessing = 0;
		};
/* End PBXFrameworksBuildPhase section */

/* Begin PBXGroup section */
		213756AB22BA5B9600BB8D88 = {
			isa = PBXGroup;
			children = (
				213756B622BA5B9600BB8D88 /* Discgolf-app */,
				213756B522BA5B9600BB8D88 /* Products */,
			);
			sourceTree = "<group>";
		};
		213756B522BA5B9600BB8D88 /* Products */ = {
			isa = PBXGroup;
			children = (
				213756B422BA5B9600BB8D88 /* Discgolf-app.app */,
			);
			name = Products;
			sourceTree = "<group>";
		};
		213756B622BA5B9600BB8D88 /* Discgolf-app */ = {
			isa = PBXGroup;
			children = (
				213756B722BA5B9600BB8D88 /* AppDelegate.swift */,
				213756BB22BA5B9600BB8D88 /* Main.storyboard */,
				21CEC2D322C132D8009B73E7 /* View controllers */,
				21E4C5F222BA748E00821637 /* Backend.swift */,
				21E4C5F422BA74BD00821637 /* Models.swift */,
				2163142022D3880D00C0DE9C /* CustomLabel.swift */,
				213756BE22BA5B9700BB8D88 /* Assets.xcassets */,
				213756C022BA5B9700BB8D88 /* LaunchScreen.storyboard */,
				213756C322BA5B9700BB8D88 /* Info.plist */,
			);
			path = "Discgolf-app";
			sourceTree = "<group>";
		};
		21CEC2D322C132D8009B73E7 /* View controllers */ = {
			isa = PBXGroup;
			children = (
				21E4C5F022BA6FD000821637 /* NavbarController.swift */,
				21CEC2D122C132C2009B73E7 /* ActiveRoundVC.swift */,
				21CEC2CD22BFA068009B73E7 /* DeptViewController.swift */,
				21E4C5F622BBA49800821637 /* RoundDetailedVC.swift */,
				21E4C5EE22BA643100821637 /* MainViewController.swift */,
			);
			path = "View controllers";
			sourceTree = "<group>";
		};
/* End PBXGroup section */

/* Begin PBXNativeTarget section */
		213756B322BA5B9600BB8D88 /* Discgolf-app */ = {
			isa = PBXNativeTarget;
			buildConfigurationList = 213756C622BA5B9700BB8D88 /* Build configuration list for PBXNativeTarget "Discgolf-app" */;
			buildPhases = (
				213756B022BA5B9600BB8D88 /* Sources */,
				213756B122BA5B9600BB8D88 /* Frameworks */,
				213756B222BA5B9600BB8D88 /* Resources */,
			);
			buildRules = (
			);
			dependencies = (
			);
			name = "Discgolf-app";
			productName = "Discgolf-app";
			productReference = 213756B422BA5B9600BB8D88 /* Discgolf-app.app */;
			productType = "com.apple.product-type.application";
		};
/* End PBXNativeTarget section */

/* Begin PBXProject section */
		213756AC22BA5B9600BB8D88 /* Project object */ = {
			isa = PBXProject;
			attributes = {
				LastSwiftUpdateCheck = 1020;
				LastUpgradeCheck = 1020;
				ORGANIZATIONNAME = "Glenn Olsson";
				TargetAttributes = {
					213756B322BA5B9600BB8D88 = {
						CreatedOnToolsVersion = 10.2.1;
					};
				};
			};
			buildConfigurationList = 213756AF22BA5B9600BB8D88 /* Build configuration list for PBXProject "Discgolf-app" */;
			compatibilityVersion = "Xcode 9.3";
			developmentRegion = en;
			hasScannedForEncodings = 0;
			knownRegions = (
				en,
				Base,
			);
			mainGroup = 213756AB22BA5B9600BB8D88;
			productRefGroup = 213756B522BA5B9600BB8D88 /* Products */;
			projectDirPath = "";
			projectRoot = "";
			targets = (
				213756B322BA5B9600BB8D88 /* Discgolf-app */,
			);
		};
/* End PBXProject section */

/* Begin PBXResourcesBuildPhase section */
		213756B222BA5B9600BB8D88 /* Resources */ = {
			isa = PBXResourcesBuildPhase;
			buildActionMask = 2147483647;
			files = (
				213756C222BA5B9700BB8D88 /* LaunchScreen.storyboard in Resources */,
				213756BF22BA5B9700BB8D88 /* Assets.xcassets in Resources */,
				213756BD22BA5B9600BB8D88 /* Main.storyboard in Resources */,
			);
			runOnlyForDeploymentPostprocessing = 0;
		};
/* End PBXResourcesBuildPhase section */

/* Begin PBXSourcesBuildPhase section */
		213756B022BA5B9600BB8D88 /* Sources */ = {
			isa = PBXSourcesBuildPhase;
			buildActionMask = 2147483647;
			files = (
				21E4C5F322BA748E00821637 /* Backend.swift in Sources */,
				2163142122D3880D00C0DE9C /* CustomLabel.swift in Sources */,
				21E4C5EF22BA643100821637 /* MainViewController.swift in Sources */,
				213756B822BA5B9600BB8D88 /* AppDelegate.swift in Sources */,
				21CEC2D222C132C2009B73E7 /* ActiveRoundVC.swift in Sources */,
				21E4C5F122BA6FD000821637 /* NavbarController.swift in Sources */,
				21CEC2CE22BFA068009B73E7 /* DeptViewController.swift in Sources */,
				21E4C5F522BA74BD00821637 /* Models.swift in Sources */,
				21E4C5F722BBA49800821637 /* RoundDetailedVC.swift in Sources */,
			);
			runOnlyForDeploymentPostprocessing = 0;
		};
/* End PBXSourcesBuildPhase section */

/* Begin PBXVariantGroup section */
		213756BB22BA5B9600BB8D88 /* Main.storyboard */ = {
			isa = PBXVariantGroup;
			children = (
				213756BC22BA5B9600BB8D88 /* Base */,
			);
			name = Main.storyboard;
			sourceTree = "<group>";
		};
		213756C022BA5B9700BB8D88 /* LaunchScreen.storyboard */ = {
			isa = PBXVariantGroup;
			children = (
				213756C122BA5B9700BB8D88 /* Base */,
			);
			name = LaunchScreen.storyboard;
			sourceTree = "<group>";
		};
/* End PBXVariantGroup section */

/* Begin XCBuildConfiguration section */
		213756C422BA5B9700BB8D88 /* Debug */ = {
			isa = XCBuildConfiguration;
			buildSettings = {
				ALWAYS_SEARCH_USER_PATHS = NO;
				CLANG_ANALYZER_NONNULL = YES;
				CLANG_ANALYZER_NUMBER_OBJECT_CONVERSION = YES_AGGRESSIVE;
				CLANG_CXX_LANGUAGE_STANDARD = "gnu++14";
				CLANG_CXX_LIBRARY = "libc++";
				CLANG_ENABLE_MODULES = YES;
				CLANG_ENABLE_OBJC_ARC = YES;
				CLANG_ENABLE_OBJC_WEAK = YES;
				CLANG_WARN_BLOCK_CAPTURE_AUTORELEASING = YES;
				CLANG_WARN_BOOL_CONVERSION = YES;
				CLANG_WARN_COMMA = YES;
				CLANG_WARN_CONSTANT_CONVERSION = YES;
				CLANG_WARN_DEPRECATED_OBJC_IMPLEMENTATIONS = YES;
				CLANG_WARN_DIRECT_OBJC_ISA_USAGE = YES_ERROR;
				CLANG_WARN_DOCUMENTATION_COMMENTS = YES;
				CLANG_WARN_EMPTY_BODY = YES;
				CLANG_WARN_ENUM_CONVERSION = YES;
				CLANG_WARN_INFINITE_RECURSION = YES;
				CLANG_WARN_INT_CONVERSION = YES;
				CLANG_WARN_NON_LITERAL_NULL_CONVERSION = YES;
				CLANG_WARN_OBJC_IMPLICIT_RETAIN_SELF = YES;
				CLANG_WARN_OBJC_LITERAL_CONVERSION = YES;
				CLANG_WARN_OBJC_ROOT_CLASS = YES_ERROR;
				CLANG_WARN_RANGE_LOOP_ANALYSIS = YES;
				CLANG_WARN_STRICT_PROTOTYPES = YES;
				CLANG_WARN_SUSPICIOUS_MOVE = YES;
				CLANG_WARN_UNGUARDED_AVAILABILITY = YES_AGGRESSIVE;
				CLANG_WARN_UNREACHABLE_CODE = YES;
				CLANG_WARN__DUPLICATE_METHOD_MATCH = YES;
				CODE_SIGN_IDENTITY = "iPhone Developer";
				COPY_PHASE_STRIP = NO;
				DEBUG_INFORMATION_FORMAT = dwarf;
				ENABLE_STRICT_OBJC_MSGSEND = YES;
				ENABLE_TESTABILITY = YES;
				GCC_C_LANGUAGE_STANDARD = gnu11;
				GCC_DYNAMIC_NO_PIC = NO;
				GCC_NO_COMMON_BLOCKS = YES;
				GCC_OPTIMIZATION_LEVEL = 0;
				GCC_PREPROCESSOR_DEFINITIONS = (
					"DEBUG=1",
					"$(inherited)",
				);
				GCC_WARN_64_TO_32_BIT_CONVERSION = YES;
				GCC_WARN_ABOUT_RETURN_TYPE = YES_ERROR;
				GCC_WARN_UNDECLARED_SELECTOR = YES;
				GCC_WARN_UNINITIALIZED_AUTOS = YES_AGGRESSIVE;
				GCC_WARN_UNUSED_FUNCTION = YES;
				GCC_WARN_UNUSED_VARIABLE = YES;
				IPHONEOS_DEPLOYMENT_TARGET = 12.2;
				MTL_ENABLE_DEBUG_INFO = INCLUDE_SOURCE;
				MTL_FAST_MATH = YES;
				ONLY_ACTIVE_ARCH = YES;
				SDKROOT = iphoneos;
				SWIFT_ACTIVE_COMPILATION_CONDITIONS = DEBUG;
				SWIFT_OPTIMIZATION_LEVEL = "-Onone";
			};
			name = Debug;
		};
		213756C522BA5B9700BB8D88 /* Release */ = {
			isa = XCBuildConfiguration;
			buildSettings = {
				ALWAYS_SEARCH_USER_PATHS = NO;
				CLANG_ANALYZER_NONNULL = YES;
				CLANG_ANALYZER_NUMBER_OBJECT_CONVERSION = YES_AGGRESSIVE;
				CLANG_CXX_LANGUAGE_STANDARD = "gnu++14";
				CLANG_CXX_LIBRARY = "libc++";
				CLANG_ENABLE_MODULES = YES;
				CLANG_ENABLE_OBJC_ARC = YES;
				CLANG_ENABLE_OBJC_WEAK = YES;
				CLANG_WARN_BLOCK_CAPTURE_AUTORELEASING = YES;
				CLANG_WARN_BOOL_CONVERSION = YES;
				CLANG_WARN_COMMA = YES;
				CLANG_WARN_CONSTANT_CONVERSION = YES;
				CLANG_WARN_DEPRECATED_OBJC_IMPLEMENTATIONS = YES;
				CLANG_WARN_DIRECT_OBJC_ISA_USAGE = YES_ERROR;
				CLANG_WARN_DOCUMENTATION_COMMENTS = YES;
				CLANG_WARN_EMPTY_BODY = YES;
				CLANG_WARN_ENUM_CONVERSION = YES;
				CLANG_WARN_INFINITE_RECURSION = YES;
				CLANG_WARN_INT_CONVERSION = YES;
				CLANG_WARN_NON_LITERAL_NULL_CONVERSION = YES;
				CLANG_WARN_OBJC_IMPLICIT_RETAIN_SELF = YES;
				CLANG_WARN_OBJC_LITERAL_CONVERSION = YES;
				CLANG_WARN_OBJC_ROOT_CLASS = YES_ERROR;
				CLANG_WARN_RANGE_LOOP_ANALYSIS = YES;
				CLANG_WARN_STRICT_PROTOTYPES = YES;
				CLANG_WARN_SUSPICIOUS_MOVE = YES;
				CLANG_WARN_UNGUARDED_AVAILABILITY = YES_AGGRESSIVE;
				CLANG_WARN_UNREACHABLE_CODE = YES;
				CLANG_WARN__DUPLICATE_METHOD_MATCH = YES;
				CODE_SIGN_IDENTITY = "iPhone Developer";
				COPY_PHASE_STRIP = NO;
				DEBUG_INFORMATION_FORMAT = "dwarf-with-dsym";
				ENABLE_NS_ASSERTIONS = NO;
				ENABLE_STRICT_OBJC_MSGSEND = YES;
				GCC_C_LANGUAGE_STANDARD = gnu11;
				GCC_NO_COMMON_BLOCKS = YES;
				GCC_WARN_64_TO_32_BIT_CONVERSION = YES;
				GCC_WARN_ABOUT_RETURN_TYPE = YES_ERROR;
				GCC_WARN_UNDECLARED_SELECTOR = YES;
				GCC_WARN_UNINITIALIZED_AUTOS = YES_AGGRESSIVE;
				GCC_WARN_UNUSED_FUNCTION = YES;
				GCC_WARN_UNUSED_VARIABLE = YES;
				IPHONEOS_DEPLOYMENT_TARGET = 12.2;
				MTL_ENABLE_DEBUG_INFO = NO;
				MTL_FAST_MATH = YES;
				SDKROOT = iphoneos;
				SWIFT_COMPILATION_MODE = wholemodule;
				SWIFT_OPTIMIZATION_LEVEL = "-O";
				VALIDATE_PRODUCT = YES;
			};
			name = Release;
		};
		213756C722BA5B9700BB8D88 /* Debug */ = {
			isa = XCBuildConfiguration;
			buildSettings = {
				ASSETCATALOG_COMPILER_APPICON_NAME = AppIcon;
				CODE_SIGN_STYLE = Automatic;
				DEVELOPMENT_TEAM = S9S99M2W87;
				INFOPLIST_FILE = "Discgolf-app/Info.plist";
				LD_RUNPATH_SEARCH_PATHS = (
					"$(inherited)",
					"@executable_path/Frameworks",
				);
				PRODUCT_BUNDLE_IDENTIFIER = "Venyn.Discgolf-app";
				PRODUCT_NAME = "$(TARGET_NAME)";
				SWIFT_VERSION = 5.0;
				TARGETED_DEVICE_FAMILY = "1,2";
			};
			name = Debug;
		};
		213756C822BA5B9700BB8D88 /* Release */ = {
			isa = XCBuildConfiguration;
			buildSettings = {
				ASSETCATALOG_COMPILER_APPICON_NAME = AppIcon;
				CODE_SIGN_STYLE = Automatic;
				DEVELOPMENT_TEAM = S9S99M2W87;
				INFOPLIST_FILE = "Discgolf-app/Info.plist";
				LD_RUNPATH_SEARCH_PATHS = (
					"$(inherited)",
					"@executable_path/Frameworks",
				);
				PRODUCT_BUNDLE_IDENTIFIER = "Venyn.Discgolf-app";
				PRODUCT_NAME = "$(TARGET_NAME)";
				SWIFT_VERSION = 5.0;
				TARGETED_DEVICE_FAMILY = "1,2";
			};
			name = Release;
		};
/* End XCBuildConfiguration section */

/* Begin XCConfigurationList section */
		213756AF22BA5B9600BB8D88 /* Build configuration list for PBXProject "Discgolf-app" */ = {
			isa = XCConfigurationList;
			buildConfigurations = (
				213756C422BA5B9700BB8D88 /* Debug */,
				213756C522BA5B9700BB8D88 /* Release */,
			);
			defaultConfigurationIsVisible = 0;
			defaultConfigurationName = Release;
		};
		213756C622BA5B9700BB8D88 /* Build configuration list for PBXNativeTarget "Discgolf-app" */ = {
			isa = XCConfigurationList;
			buildConfigurations = (
				213756C722BA5B9700BB8D88 /* Debug */,
				213756C822BA5B9700BB8D88 /* Release */,
			);
			defaultConfigurationIsVisible = 0;
			defaultConfigurationName = Release;
		};
/* End XCConfigurationList section */
	};
	rootObject = 213756AC22BA5B9600BB8D88 /* Project object */;
}
